
Microsoft Visual Studio Solution File, Format Version 12.00
# Visual Studio Version 17
VisualStudioVersion = 17.9.34622.214
MinimumVisualStudioVersion = 10.0.40219.1
Project("{8BC9CEB8-8B4A-11D0-8D11-00A0C91BC942}") = "ProgramLEE", "ProgramLEE.vcxproj", "{085779D4-C12B-4E62-88CD-CB07EE6411F2}"
EndProject
Project("{8BC9CEB8-8B4A-11D0-8D11-00A0C91BC942}") = "Class1th(TimeComplexity)", "..\Class1th(TimeComplexity)\Class1th(TimeComplexity).vcxproj", "{E1F8BF9E-8077-4B96-8803-1C9EA715D4A7}"
EndProject
Project("{8BC9CEB8-8B4A-11D0-8D11-00A0C91BC942}") = "Class2th(SingleLinkedList)", "..\Class2th(SingleLinkedList)\Class2th(SingleLinkedList).vcxproj", "{892134FE-6C18-4118-A0A9-81327AF38065}"
EndProject
Project("{8BC9CEB8-8B4A-11D0-8D11-00A0C91BC942}") = "Class3th(DoubleLinkedList)", "..\Class3th(DoubleLinkedList)\Class3th(DoubleLinkedList).vcxproj", "{D6C80CBD-44C4-44F1-9C1C-9DFB89154190}"
EndProject
Project("{8BC9CEB8-8B4A-11D0-8D11-00A0C91BC942}") = "Class4th(CircleLinkedList)", "..\Class4th(CircleLinkedList)\Class4th(CircleLinkedList).vcxproj", "{C502B8A8-6377-4AAD-BFD7-A66B63DC275F}"
EndProject
Project("{8BC9CEB8-8B4A-11D0-8D11-00A0C91BC942}") = "class5th(LinearQueue)", "..\class5th(LinearQueue)\class5th(LinearQueue).vcxproj", "{B23C5EB4-6ED4-475E-A8B5-BD063E99A147}"
EndProject
Project("{8BC9CEB8-8B4A-11D0-8D11-00A0C91BC942}") = "class6th(CircleQueue)", "..\class6th(CircleQueue)\class6th(CircleQueue).vcxproj", "{9CD1A135-40EC-4B9C-88B3-9C6B7B752FB8}"
EndProject
Project("{8BC9CEB8-8B4A-11D0-8D11-00A0C91BC942}") = "Class7th(Operator overoding)", "..\Class7th(Operator overoding)\Class7th(Operator overoding).vcxproj", "{DE974442-BE3D-4260-98FC-F91D103933F2}"
EndProject
Project("{8BC9CEB8-8B4A-11D0-8D11-00A0C91BC942}") = "Class8th(Vector)", "..\Class7th(Vector)\Class7th(Vector).vcxproj", "{D6EF9636-BBD3-4BA1-A58D-1F9C53DF8760}"
EndProject
Project("{8BC9CEB8-8B4A-11D0-8D11-00A0C91BC942}") = "Class9th(stack)", "..\Class9th(stack)\Class9th(stack).vcxproj", "{99664823-23F7-4A8B-812C-040FABDD21E8}"
EndProject
Project("{8BC9CEB8-8B4A-11D0-8D11-00A0C91BC942}") = "Class10th(Tree)", "..\Class10th(Tree)\Class10th(Tree).vcxproj", "{140DEBC9-3E90-424B-A0C6-114C38085AB6}"
EndProject
Project("{8BC9CEB8-8B4A-11D0-8D11-00A0C91BC942}") = "Class11th(heap)", "..\Class11th(heap)\Class11th(heap).vcxproj", "{D48B741F-070A-4DDA-B069-945AAEF8BA25}"
EndProject
Project("{8BC9CEB8-8B4A-11D0-8D11-00A0C91BC942}") = "Class12th(HashTable)", "..\Class12th(HashTable)\Class12th(HashTable).vcxproj", "{AFF03D92-3D73-4D50-958B-2A624D5E6D28}"
EndProject
Project("{8BC9CEB8-8B4A-11D0-8D11-00A0C91BC942}") = "Class13th(Trie)", "..\Class13th(Trie)\Class13th(Trie).vcxproj", "{8C76312C-3E4D-480A-B57B-A5F358AAD07A}"
EndProject
Project("{8BC9CEB8-8B4A-11D0-8D11-00A0C91BC942}") = "class14th(AdjacencyMatrix)", "..\class14th(AdjacencyMatrix)\class14th(AdjacencyMatrix).vcxproj", "{5CB3981B-86C7-413F-BDE2-AC93730F5168}"
EndProject
Global
	GlobalSection(SolutionConfigurationPlatforms) = preSolution
		Debug|x64 = Debug|x64
		Debug|x86 = Debug|x86
		Release|x64 = Release|x64
		Release|x86 = Release|x86
	EndGlobalSection
	GlobalSection(ProjectConfigurationPlatforms) = postSolution
		{085779D4-C12B-4E62-88CD-CB07EE6411F2}.Debug|x64.ActiveCfg = Debug|x64
		{085779D4-C12B-4E62-88CD-CB07EE6411F2}.Debug|x64.Build.0 = Debug|x64
		{085779D4-C12B-4E62-88CD-CB07EE6411F2}.Debug|x86.ActiveCfg = Debug|Win32
		{085779D4-C12B-4E62-88CD-CB07EE6411F2}.Debug|x86.Build.0 = Debug|Win32
		{085779D4-C12B-4E62-88CD-CB07EE6411F2}.Release|x64.ActiveCfg = Release|x64
		{085779D4-C12B-4E62-88CD-CB07EE6411F2}.Release|x64.Build.0 = Release|x64
		{085779D4-C12B-4E62-88CD-CB07EE6411F2}.Release|x86.ActiveCfg = Release|Win32
		{085779D4-C12B-4E62-88CD-CB07EE6411F2}.Release|x86.Build.0 = Release|Win32
		{E1F8BF9E-8077-4B96-8803-1C9EA715D4A7}.Debug|x64.ActiveCfg = Debug|x64
		{E1F8BF9E-8077-4B96-8803-1C9EA715D4A7}.Debug|x64.Build.0 = Debug|x64
		{E1F8BF9E-8077-4B96-8803-1C9EA715D4A7}.Debug|x86.ActiveCfg = Debug|Win32
		{E1F8BF9E-8077-4B96-8803-1C9EA715D4A7}.Debug|x86.Build.0 = Debug|Win32
		{E1F8BF9E-8077-4B96-8803-1C9EA715D4A7}.Release|x64.ActiveCfg = Release|x64
		{E1F8BF9E-8077-4B96-8803-1C9EA715D4A7}.Release|x64.Build.0 = Release|x64
		{E1F8BF9E-8077-4B96-8803-1C9EA715D4A7}.Release|x86.ActiveCfg = Release|Win32
		{E1F8BF9E-8077-4B96-8803-1C9EA715D4A7}.Release|x86.Build.0 = Release|Win32
		{892134FE-6C18-4118-A0A9-81327AF38065}.Debug|x64.ActiveCfg = Debug|x64
		{892134FE-6C18-4118-A0A9-81327AF38065}.Debug|x64.Build.0 = Debug|x64
		{892134FE-6C18-4118-A0A9-81327AF38065}.Debug|x86.ActiveCfg = Debug|Win32
		{892134FE-6C18-4118-A0A9-81327AF38065}.Debug|x86.Build.0 = Debug|Win32
		{892134FE-6C18-4118-A0A9-81327AF38065}.Release|x64.ActiveCfg = Release|x64
		{892134FE-6C18-4118-A0A9-81327AF38065}.Release|x64.Build.0 = Release|x64
		{892134FE-6C18-4118-A0A9-81327AF38065}.Release|x86.ActiveCfg = Release|Win32
		{892134FE-6C18-4118-A0A9-81327AF38065}.Release|x86.Build.0 = Release|Win32
		{D6C80CBD-44C4-44F1-9C1C-9DFB89154190}.Debug|x64.ActiveCfg = Debug|x64
		{D6C80CBD-44C4-44F1-9C1C-9DFB89154190}.Debug|x64.Build.0 = Debug|x64
		{D6C80CBD-44C4-44F1-9C1C-9DFB89154190}.Debug|x86.ActiveCfg = Debug|Win32
		{D6C80CBD-44C4-44F1-9C1C-9DFB89154190}.Debug|x86.Build.0 = Debug|Win32
		{D6C80CBD-44C4-44F1-9C1C-9DFB89154190}.Release|x64.ActiveCfg = Release|x64
		{D6C80CBD-44C4-44F1-9C1C-9DFB89154190}.Release|x64.Build.0 = Release|x64
		{D6C80CBD-44C4-44F1-9C1C-9DFB89154190}.Release|x86.ActiveCfg = Release|Win32
		{D6C80CBD-44C4-44F1-9C1C-9DFB89154190}.Release|x86.Build.0 = Release|Win32
		{C502B8A8-6377-4AAD-BFD7-A66B63DC275F}.Debug|x64.ActiveCfg = Debug|x64
		{C502B8A8-6377-4AAD-BFD7-A66B63DC275F}.Debug|x64.Build.0 = Debug|x64
		{C502B8A8-6377-4AAD-BFD7-A66B63DC275F}.Debug|x86.ActiveCfg = Debug|Win32
		{C502B8A8-6377-4AAD-BFD7-A66B63DC275F}.Debug|x86.Build.0 = Debug|Win32
		{C502B8A8-6377-4AAD-BFD7-A66B63DC275F}.Release|x64.ActiveCfg = Release|x64
		{C502B8A8-6377-4AAD-BFD7-A66B63DC275F}.Release|x64.Build.0 = Release|x64
		{C502B8A8-6377-4AAD-BFD7-A66B63DC275F}.Release|x86.ActiveCfg = Release|Win32
		{C502B8A8-6377-4AAD-BFD7-A66B63DC275F}.Release|x86.Build.0 = Release|Win32
		{B23C5EB4-6ED4-475E-A8B5-BD063E99A147}.Debug|x64.ActiveCfg = Debug|x64
		{B23C5EB4-6ED4-475E-A8B5-BD063E99A147}.Debug|x64.Build.0 = Debug|x64
		{B23C5EB4-6ED4-475E-A8B5-BD063E99A147}.Debug|x86.ActiveCfg = Debug|Win32
		{B23C5EB4-6ED4-475E-A8B5-BD063E99A147}.Debug|x86.Build.0 = Debug|Win32
		{B23C5EB4-6ED4-475E-A8B5-BD063E99A147}.Release|x64.ActiveCfg = Release|x64
		{B23C5EB4-6ED4-475E-A8B5-BD063E99A147}.Release|x64.Build.0 = Release|x64
		{B23C5EB4-6ED4-475E-A8B5-BD063E99A147}.Release|x86.ActiveCfg = Release|Win32
		{B23C5EB4-6ED4-475E-A8B5-BD063E99A147}.Release|x86.Build.0 = Release|Win32
		{9CD1A135-40EC-4B9C-88B3-9C6B7B752FB8}.Debug|x64.ActiveCfg = Debug|x64
		{9CD1A135-40EC-4B9C-88B3-9C6B7B752FB8}.Debug|x64.Build.0 = Debug|x64
		{9CD1A135-40EC-4B9C-88B3-9C6B7B752FB8}.Debug|x86.ActiveCfg = Debug|Win32
		{9CD1A135-40EC-4B9C-88B3-9C6B7B752FB8}.Debug|x86.Build.0 = Debug|Win32
		{9CD1A135-40EC-4B9C-88B3-9C6B7B752FB8}.Release|x64.ActiveCfg = Release|x64
		{9CD1A135-40EC-4B9C-88B3-9C6B7B752FB8}.Release|x64.Build.0 = Release|x64
		{9CD1A135-40EC-4B9C-88B3-9C6B7B752FB8}.Release|x86.ActiveCfg = Release|Win32
		{9CD1A135-40EC-4B9C-88B3-9C6B7B752FB8}.Release|x86.Build.0 = Release|Win32
		{DE974442-BE3D-4260-98FC-F91D103933F2}.Debug|x64.ActiveCfg = Debug|x64
		{DE974442-BE3D-4260-98FC-F91D103933F2}.Debug|x64.Build.0 = Debug|x64
		{DE974442-BE3D-4260-98FC-F91D103933F2}.Debug|x86.ActiveCfg = Debug|Win32
		{DE974442-BE3D-4260-98FC-F91D103933F2}.Debug|x86.Build.0 = Debug|Win32
		{DE974442-BE3D-4260-98FC-F91D103933F2}.Release|x64.ActiveCfg = Release|x64
		{DE974442-BE3D-4260-98FC-F91D103933F2}.Release|x64.Build.0 = Release|x64
		{DE974442-BE3D-4260-98FC-F91D103933F2}.Release|x86.ActiveCfg = Release|Win32
		{DE974442-BE3D-4260-98FC-F91D103933F2}.Release|x86.Build.0 = Release|Win32
		{D6EF9636-BBD3-4BA1-A58D-1F9C53DF8760}.Debug|x64.ActiveCfg = Debug|x64
		{D6EF9636-BBD3-4BA1-A58D-1F9C53DF8760}.Debug|x64.Build.0 = Debug|x64
		{D6EF9636-BBD3-4BA1-A58D-1F9C53DF8760}.Debug|x86.ActiveCfg = Debug|Win32
		{D6EF9636-BBD3-4BA1-A58D-1F9C53DF8760}.Debug|x86.Build.0 = Debug|Win32
		{D6EF9636-BBD3-4BA1-A58D-1F9C53DF8760}.Release|x64.ActiveCfg = Release|x64
		{D6EF9636-BBD3-4BA1-A58D-1F9C53DF8760}.Release|x64.Build.0 = Release|x64
		{D6EF9636-BBD3-4BA1-A58D-1F9C53DF8760}.Release|x86.ActiveCfg = Release|Win32
		{D6EF9636-BBD3-4BA1-A58D-1F9C53DF8760}.Release|x86.Build.0 = Release|Win32
		{99664823-23F7-4A8B-812C-040FABDD21E8}.Debug|x64.ActiveCfg = Debug|x64
		{99664823-23F7-4A8B-812C-040FABDD21E8}.Debug|x64.Build.0 = Debug|x64
		{99664823-23F7-4A8B-812C-040FABDD21E8}.Debug|x86.ActiveCfg = Debug|Win32
		{99664823-23F7-4A8B-812C-040FABDD21E8}.Debug|x86.Build.0 = Debug|Win32
		{99664823-23F7-4A8B-812C-040FABDD21E8}.Release|x64.ActiveCfg = Release|x64
		{99664823-23F7-4A8B-812C-040FABDD21E8}.Release|x64.Build.0 = Release|x64
		{99664823-23F7-4A8B-812C-040FABDD21E8}.Release|x86.ActiveCfg = Release|Win32
		{99664823-23F7-4A8B-812C-040FABDD21E8}.Release|x86.Build.0 = Release|Win32
		{140DEBC9-3E90-424B-A0C6-114C38085AB6}.Debug|x64.ActiveCfg = Debug|x64
		{140DEBC9-3E90-424B-A0C6-114C38085AB6}.Debug|x64.Build.0 = Debug|x64
		{140DEBC9-3E90-424B-A0C6-114C38085AB6}.Debug|x86.ActiveCfg = Debug|Win32
		{140DEBC9-3E90-424B-A0C6-114C38085AB6}.Debug|x86.Build.0 = Debug|Win32
		{140DEBC9-3E90-424B-A0C6-114C38085AB6}.Release|x64.ActiveCfg = Release|x64
		{140DEBC9-3E90-424B-A0C6-114C38085AB6}.Release|x64.Build.0 = Release|x64
		{140DEBC9-3E90-424B-A0C6-114C38085AB6}.Release|x86.ActiveCfg = Release|Win32
		{140DEBC9-3E90-424B-A0C6-114C38085AB6}.Release|x86.Build.0 = Release|Win32
		{D48B741F-070A-4DDA-B069-945AAEF8BA25}.Debug|x64.ActiveCfg = Debug|x64
		{D48B741F-070A-4DDA-B069-945AAEF8BA25}.Debug|x64.Build.0 = Debug|x64
		{D48B741F-070A-4DDA-B069-945AAEF8BA25}.Debug|x86.ActiveCfg = Debug|Win32
		{D48B741F-070A-4DDA-B069-945AAEF8BA25}.Debug|x86.Build.0 = Debug|Win32
		{D48B741F-070A-4DDA-B069-945AAEF8BA25}.Release|x64.ActiveCfg = Release|x64
		{D48B741F-070A-4DDA-B069-945AAEF8BA25}.Release|x64.Build.0 = Release|x64
		{D48B741F-070A-4DDA-B069-945AAEF8BA25}.Release|x86.ActiveCfg = Release|Win32
		{D48B741F-070A-4DDA-B069-945AAEF8BA25}.Release|x86.Build.0 = Release|Win32
		{AFF03D92-3D73-4D50-958B-2A624D5E6D28}.Debug|x64.ActiveCfg = Debug|x64
		{AFF03D92-3D73-4D50-958B-2A624D5E6D28}.Debug|x64.Build.0 = Debug|x64
		{AFF03D92-3D73-4D50-958B-2A624D5E6D28}.Debug|x86.ActiveCfg = Debug|Win32
		{AFF03D92-3D73-4D50-958B-2A624D5E6D28}.Debug|x86.Build.0 = Debug|Win32
		{AFF03D92-3D73-4D50-958B-2A624D5E6D28}.Release|x64.ActiveCfg = Release|x64
		{AFF03D92-3D73-4D50-958B-2A624D5E6D28}.Release|x64.Build.0 = Release|x64
		{AFF03D92-3D73-4D50-958B-2A624D5E6D28}.Release|x86.ActiveCfg = Release|Win32
		{AFF03D92-3D73-4D50-958B-2A624D5E6D28}.Release|x86.Build.0 = Release|Win32
		{8C76312C-3E4D-480A-B57B-A5F358AAD07A}.Debug|x64.ActiveCfg = Debug|x64
		{8C76312C-3E4D-480A-B57B-A5F358AAD07A}.Debug|x64.Build.0 = Debug|x64
		{8C76312C-3E4D-480A-B57B-A5F358AAD07A}.Debug|x86.ActiveCfg = Debug|Win32
		{8C76312C-3E4D-480A-B57B-A5F358AAD07A}.Debug|x86.Build.0 = Debug|Win32
		{8C76312C-3E4D-480A-B57B-A5F358AAD07A}.Release|x64.ActiveCfg = Release|x64
		{8C76312C-3E4D-480A-B57B-A5F358AAD07A}.Release|x64.Build.0 = Release|x64
		{8C76312C-3E4D-480A-B57B-A5F358AAD07A}.Release|x86.ActiveCfg = Release|Win32
		{8C76312C-3E4D-480A-B57B-A5F358AAD07A}.Release|x86.Build.0 = Release|Win32
		{5CB3981B-86C7-413F-BDE2-AC93730F5168}.Debug|x64.ActiveCfg = Debug|x64
		{5CB3981B-86C7-413F-BDE2-AC93730F5168}.Debug|x64.Build.0 = Debug|x64
		{5CB3981B-86C7-413F-BDE2-AC93730F5168}.Debug|x86.ActiveCfg = Debug|Win32
		{5CB3981B-86C7-413F-BDE2-AC93730F5168}.Debug|x86.Build.0 = Debug|Win32
		{5CB3981B-86C7-413F-BDE2-AC93730F5168}.Release|x64.ActiveCfg = Release|x64
		{5CB3981B-86C7-413F-BDE2-AC93730F5168}.Release|x64.Build.0 = Release|x64
		{5CB3981B-86C7-413F-BDE2-AC93730F5168}.Release|x86.ActiveCfg = Release|Win32
		{5CB3981B-86C7-413F-BDE2-AC93730F5168}.Release|x86.Build.0 = Release|Win32
	EndGlobalSection
	GlobalSection(SolutionProperties) = preSolution
		HideSolutionNode = FALSE
	EndGlobalSection
	GlobalSection(ExtensibilityGlobals) = postSolution
		SolutionGuid = {ADAF4BDE-C311-46AF-ABDA-554241A3B19D}
	EndGlobalSection
EndGlobal
