
Microsoft Visual Studio Solution File, Format Version 12.00
# Visual Studio Version 17
VisualStudioVersion = 17.9.34622.214
MinimumVisualStudioVersion = 10.0.40219.1
Project("{8BC9CEB8-8B4A-11D0-8D11-00A0C91BC942}") = "ProgramLEE", "ProgramLEE.vcxproj", "{085779D4-C12B-4E62-88CD-CB07EE6411F2}"
EndProject
Project("{8BC9CEB8-8B4A-11D0-8D11-00A0C91BC942}") = "Class1th(TimeComplexity)", "..\Class1th(TimeComplexity)\Class1th(TimeComplexity).vcxproj", "{E1F8BF9E-8077-4B96-8803-1C9EA715D4A7}"
EndProject
Project("{8BC9CEB8-8B4A-11D0-8D11-00A0C91BC942}") = "Class2th(SingleLinkedList)", "..\Class2th(SingleLinkedList)\Class2th(SingleLinkedList).vcxproj", "{892134FE-6C18-4118-A0A9-81327AF38065}"
EndProject
Global
	GlobalSection(SolutionConfigurationPlatforms) = preSolution
		Debug|x64 = Debug|x64
		Debug|x86 = Debug|x86
		Release|x64 = Release|x64
		Release|x86 = Release|x86
	EndGlobalSection
	GlobalSection(ProjectConfigurationPlatforms) = postSolution
		{085779D4-C12B-4E62-88CD-CB07EE6411F2}.Debug|x64.ActiveCfg = Debug|x64
		{085779D4-C12B-4E62-88CD-CB07EE6411F2}.Debug|x64.Build.0 = Debug|x64
		{085779D4-C12B-4E62-88CD-CB07EE6411F2}.Debug|x86.ActiveCfg = Debug|Win32
		{085779D4-C12B-4E62-88CD-CB07EE6411F2}.Debug|x86.Build.0 = Debug|Win32
		{085779D4-C12B-4E62-88CD-CB07EE6411F2}.Release|x64.ActiveCfg = Release|x64
		{085779D4-C12B-4E62-88CD-CB07EE6411F2}.Release|x64.Build.0 = Release|x64
		{085779D4-C12B-4E62-88CD-CB07EE6411F2}.Release|x86.ActiveCfg = Release|Win32
		{085779D4-C12B-4E62-88CD-CB07EE6411F2}.Release|x86.Build.0 = Release|Win32
		{E1F8BF9E-8077-4B96-8803-1C9EA715D4A7}.Debug|x64.ActiveCfg = Debug|x64
		{E1F8BF9E-8077-4B96-8803-1C9EA715D4A7}.Debug|x64.Build.0 = Debug|x64
		{E1F8BF9E-8077-4B96-8803-1C9EA715D4A7}.Debug|x86.ActiveCfg = Debug|Win32
		{E1F8BF9E-8077-4B96-8803-1C9EA715D4A7}.Debug|x86.Build.0 = Debug|Win32
		{E1F8BF9E-8077-4B96-8803-1C9EA715D4A7}.Release|x64.ActiveCfg = Release|x64
		{E1F8BF9E-8077-4B96-8803-1C9EA715D4A7}.Release|x64.Build.0 = Release|x64
		{E1F8BF9E-8077-4B96-8803-1C9EA715D4A7}.Release|x86.ActiveCfg = Release|Win32
		{E1F8BF9E-8077-4B96-8803-1C9EA715D4A7}.Release|x86.Build.0 = Release|Win32
		{892134FE-6C18-4118-A0A9-81327AF38065}.Debug|x64.ActiveCfg = Debug|x64
		{892134FE-6C18-4118-A0A9-81327AF38065}.Debug|x64.Build.0 = Debug|x64
		{892134FE-6C18-4118-A0A9-81327AF38065}.Debug|x86.ActiveCfg = Debug|Win32
		{892134FE-6C18-4118-A0A9-81327AF38065}.Debug|x86.Build.0 = Debug|Win32
		{892134FE-6C18-4118-A0A9-81327AF38065}.Release|x64.ActiveCfg = Release|x64
		{892134FE-6C18-4118-A0A9-81327AF38065}.Release|x64.Build.0 = Release|x64
		{892134FE-6C18-4118-A0A9-81327AF38065}.Release|x86.ActiveCfg = Release|Win32
		{892134FE-6C18-4118-A0A9-81327AF38065}.Release|x86.Build.0 = Release|Win32
	EndGlobalSection
	GlobalSection(SolutionProperties) = preSolution
		HideSolutionNode = FALSE
	EndGlobalSection
	GlobalSection(ExtensibilityGlobals) = postSolution
		SolutionGuid = {ADAF4BDE-C311-46AF-ABDA-554241A3B19D}
	EndGlobalSection
EndGlobal
